
Microsoft Visual Studio Solution File, Format Version 12.00
# Visual Studio Version 17
VisualStudioVersion = 17.0.31606.5
MinimumVisualStudioVersion = 10.0.40219.1
Project("{FAE04EC0-301F-11D3-BF4B-00C04F79EFBC}") = "SqlSugar", "SqlSugar\SqlSugar.csproj", "{30B57A97-7CD3-4DAC-A787-9E7DB9BA7755}"
EndProject
Global
	GlobalSection(SolutionConfigurationPlatforms) = preSolution
		Debug|Any CPU = Debug|Any CPU
		Release|Any CPU = Release|Any CPU
	EndGlobalSection
	GlobalSection(ProjectConfigurationPlatforms) = postSolution
		{30B57A97-7CD3-4DAC-A787-9E7DB9BA7755}.Debug|Any CPU.ActiveCfg = Debug|Any CPU
		{30B57A97-7CD3-4DAC-A787-9E7DB9BA7755}.Debug|Any CPU.Build.0 = Debug|Any CPU
		{30B57A97-7CD3-4DAC-A787-9E7DB9BA7755}.Release|Any CPU.ActiveCfg = Release|Any CPU
		{30B57A97-7CD3-4DAC-A787-9E7DB9BA7755}.Release|Any CPU.Build.0 = Release|Any CPU
	EndGlobalSection
	GlobalSection(SolutionProperties) = preSolution
		HideSolutionNode = FALSE
	EndGlobalSection
	GlobalSection(ExtensibilityGlobals) = postSolution
		SolutionGuid = {1E9C350E-8055-49E9-9011-4F47C64DBE53}
	EndGlobalSection
EndGlobal
